{
  "object": {
    "pins": [
      {
        "package": "Sentry",
        "repositoryURL": "https://github.com/getsentry/sentry-cocoa.git",
        "state": {
          "branch": null,
          "revision": "9a55227e9c14b244ce0ac9e3fa78d42c2da33c4b",
          "version": "5.1.4"
        }
      }
    ]
  },
  "version": 1
}
